
Microsoft Visual Studio Solution File, Format Version 12.00
# Visual Studio 15
VisualStudioVersion = 15.0.28307.421
MinimumVisualStudioVersion = 10.0.40219.1
Project("{FAE04EC0-301F-11D3-BF4B-00C04F79EFBC}") = "CetStore", "CetStore\CetStore.csproj", "{46184DE4-FBB8-461A-A3DD-498DDF3DD78E}"
EndProject
Global
	GlobalSection(SolutionConfigurationPlatforms) = preSolution
		Debug|Any CPU = Debug|Any CPU
		Release|Any CPU = Release|Any CPU
	EndGlobalSection
	GlobalSection(ProjectConfigurationPlatforms) = postSolution
		{46184DE4-FBB8-461A-A3DD-498DDF3DD78E}.Debug|Any CPU.ActiveCfg = Debug|Any CPU
		{46184DE4-FBB8-461A-A3DD-498DDF3DD78E}.Debug|Any CPU.Build.0 = Debug|Any CPU
		{46184DE4-FBB8-461A-A3DD-498DDF3DD78E}.Release|Any CPU.ActiveCfg = Release|Any CPU
		{46184DE4-FBB8-461A-A3DD-498DDF3DD78E}.Release|Any CPU.Build.0 = Release|Any CPU
	EndGlobalSection
	GlobalSection(SolutionProperties) = preSolution
		HideSolutionNode = FALSE
	EndGlobalSection
	GlobalSection(ExtensibilityGlobals) = postSolution
		SolutionGuid = {C307782B-F46F-4F65-9B99-61E062754A4B}
	EndGlobalSection
EndGlobal
